github.com/elliotchance/c2go v0.26.7 h1:VNvR+m1XHo+lsd7HRJpMJWw4N++shTaQAnZhb0jzsWI=
github.com/elliotchance/c2go v0.26.7/go.mod h1:+YFuwnXljn61f5sFHSZ66eH9KTjzzSU6QG1sZdg1l7s=
github.com/jsmorph/go-satellite v0.0.0-20200209185444-f2e743f52cab/go.mod h1:YAAfnTsMkxJgZ+IRzyu8LGGSvaKJSCtzqx+nKr0EBig=
github.com/morphism/sgp4go v0.0.3 h1:Firn/zqIo8IGwJwRdq24A6b+6Z4qPrzmLSeXG2N7bpk=
github.com/morphism/sgp4go v0.0.3/go.mod h1:PClrfCJU9mki8U19z6Cm5EvQriYixhXpbADuknqSEjE=
golang.org/x/tools v0.0.0-20181109182537-4e34152f1676/go.mod h1:n7NCudcB/nEzxVGmLbDWY5pfWTLqBcC2KZ6jyYvM4mQ=
